
Microsoft Visual Studio Solution File, Format Version 12.00
# Visual Studio Version 16
VisualStudioVersion = 16.0.29509.3
MinimumVisualStudioVersion = 10.0.40219.1
Project("{FAE04EC0-301F-11D3-BF4B-00C04F79EFBC}") = "src.web", "src.web\src.web.csproj", "{11EFB4BC-EAA7-48E4-8BD1-2CE3364B45F1}"
EndProject
Global
	GlobalSection(SolutionConfigurationPlatforms) = preSolution
		Debug|Any CPU = Debug|Any CPU
		Release|Any CPU = Release|Any CPU
	EndGlobalSection
	GlobalSection(ProjectConfigurationPlatforms) = postSolution
		{11EFB4BC-EAA7-48E4-8BD1-2CE3364B45F1}.Debug|Any CPU.ActiveCfg = Debug|Any CPU
		{11EFB4BC-EAA7-48E4-8BD1-2CE3364B45F1}.Debug|Any CPU.Build.0 = Debug|Any CPU
		{11EFB4BC-EAA7-48E4-8BD1-2CE3364B45F1}.Release|Any CPU.ActiveCfg = Release|Any CPU
		{11EFB4BC-EAA7-48E4-8BD1-2CE3364B45F1}.Release|Any CPU.Build.0 = Release|Any CPU
	EndGlobalSection
	GlobalSection(SolutionProperties) = preSolution
		HideSolutionNode = FALSE
	EndGlobalSection
	GlobalSection(ExtensibilityGlobals) = postSolution
		SolutionGuid = {E3131215-F8FC-4276-9BEE-7C91E5B7FA21}
	EndGlobalSection
EndGlobal
